
Microsoft Visual Studio Solution File, Format Version 12.00
# Visual Studio Version 17
VisualStudioVersion = 17.3.32825.248
MinimumVisualStudioVersion = 10.0.40219.1
Project("{8BC9CEB8-8B4A-11D0-8D11-00A0C91BC942}") = "20.09.2022", "20.09.2022\20.09.2022.vcxproj", "{97E41F4C-DB6B-4CF8-8C17-95B9186BAF20}"
EndProject
Global
	GlobalSection(SolutionConfigurationPlatforms) = preSolution
		Debug|x64 = Debug|x64
		Debug|x86 = Debug|x86
		Release|x64 = Release|x64
		Release|x86 = Release|x86
	EndGlobalSection
	GlobalSection(ProjectConfigurationPlatforms) = postSolution
		{97E41F4C-DB6B-4CF8-8C17-95B9186BAF20}.Debug|x64.ActiveCfg = Debug|x64
		{97E41F4C-DB6B-4CF8-8C17-95B9186BAF20}.Debug|x64.Build.0 = Debug|x64
		{97E41F4C-DB6B-4CF8-8C17-95B9186BAF20}.Debug|x86.ActiveCfg = Debug|Win32
		{97E41F4C-DB6B-4CF8-8C17-95B9186BAF20}.Debug|x86.Build.0 = Debug|Win32
		{97E41F4C-DB6B-4CF8-8C17-95B9186BAF20}.Release|x64.ActiveCfg = Release|x64
		{97E41F4C-DB6B-4CF8-8C17-95B9186BAF20}.Release|x64.Build.0 = Release|x64
		{97E41F4C-DB6B-4CF8-8C17-95B9186BAF20}.Release|x86.ActiveCfg = Release|Win32
		{97E41F4C-DB6B-4CF8-8C17-95B9186BAF20}.Release|x86.Build.0 = Release|Win32
	EndGlobalSection
	GlobalSection(SolutionProperties) = preSolution
		HideSolutionNode = FALSE
	EndGlobalSection
	GlobalSection(ExtensibilityGlobals) = postSolution
		SolutionGuid = {F621F833-A708-4C63-8CD1-893E404A131D}
	EndGlobalSection
EndGlobal
